{
  "requires": true,
  "lockfileVersion": 1,
  "dependencies": {
    "@ont-community/window-post-message-proxy": {
      "version": "0.2.14",
      "resolved": "https://registry.npmjs.org/@ont-community/window-post-message-proxy/-/window-post-message-proxy-0.2.14.tgz",
      "integrity": "sha512-CcBIsSoSZR+QuS11SguO0co8EIbKE3iqP9fCBKZXp6WiF1OMe5bEtcxhIIw5Gqr+CQ+3FsAKTE1H3Xyb2dDsRQ=="
    },
    "base-x": {
      "version": "3.0.6",
      "resolved": "https://registry.npmjs.org/base-x/-/base-x-3.0.6.tgz",
      "integrity": "sha512-4PaF8u2+AlViJxRVjurkLTxpp7CaFRD/jo5rPT9ONnKxyhQ8f59yzamEvq7EkriG56yn5On4ONyaG75HLqr46w==",
      "requires": {
        "safe-buffer": "5.1.2"
      }
    },
    "crypto-js": {
      "version": "3.1.9-1",
      "resolved": "https://registry.npmjs.org/crypto-js/-/crypto-js-3.1.9-1.tgz",
      "integrity": "sha1-/aGedh/Ad+Af+/3G6f38WeiAbNg="
    },
    "is-typedarray": {
      "version": "1.0.0",
      "resolved": "https://registry.npmjs.org/is-typedarray/-/is-typedarray-1.0.0.tgz",
      "integrity": "sha1-5HnICFjfDBsR3dppQPlgEfzaSpo="
    },
    "ontology-dapi": {
      "version": "0.4.9",
      "resolved": "https://registry.npmjs.org/ontology-dapi/-/ontology-dapi-0.4.9.tgz",
      "integrity": "sha512-ej/qBGGjYYZisnCfosoF4h2zB6BQ+7gr1Nd9LwySB1A2eSCPcglUVxoVqVKdXeQ+HIHsuZfVmqGyf4tlJCXiDQ==",
      "requires": {
        "@ont-community/window-post-message-proxy": "0.2.14",
        "base-x": "3.0.6",
        "crypto-js": "3.1.9-1",
        "promise-timeout": "1.3.0",
        "typedarray-to-buffer": "3.1.5",
        "uuid": "3.3.2",
        "webextension-polyfill-ts": "0.8.9"
      }
    },
    "promise-timeout": {
      "version": "1.3.0",
      "resolved": "https://registry.npmjs.org/promise-timeout/-/promise-timeout-1.3.0.tgz",
      "integrity": "sha512-5yANTE0tmi5++POym6OgtFmwfDvOXABD9oj/jLQr5GPEyuNEb7jH4wbbANJceJid49jwhi1RddxnhnEAb/doqg=="
    },
    "safe-buffer": {
      "version": "5.1.2",
      "resolved": "https://registry.npmjs.org/safe-buffer/-/safe-buffer-5.1.2.tgz",
      "integrity": "sha512-Gd2UZBJDkXlY7GbJxfsE8/nvKkUEU1G38c1siN6QP6a9PT9MmHB8GnpscSmMJSoF8LOIrt8ud/wPtojys4G6+g=="
    },
    "typedarray-to-buffer": {
      "version": "3.1.5",
      "resolved": "https://registry.npmjs.org/typedarray-to-buffer/-/typedarray-to-buffer-3.1.5.tgz",
      "integrity": "sha512-zdu8XMNEDepKKR+XYOXAVPtWui0ly0NtohUscw+UmaHiAWT8hrV1rr//H6V+0DvJ3OQ19S979M0laLfX8rm82Q==",
      "requires": {
        "is-typedarray": "1.0.0"
      }
    },
    "uuid": {
      "version": "3.3.2",
      "resolved": "https://registry.npmjs.org/uuid/-/uuid-3.3.2.tgz",
      "integrity": "sha512-yXJmeNaw3DnnKAOKJE51sL/ZaYfWJRl1pK9dr19YFCu0ObS231AB1/LbqTKRAQ5kw8A90rA6fr4riOUpTZvQZA=="
    },
    "webextension-polyfill": {
      "version": "0.3.1",
      "resolved": "https://registry.npmjs.org/webextension-polyfill/-/webextension-polyfill-0.3.1.tgz",
      "integrity": "sha512-ISB42vlgMyM7xE1u6pREeCqmmXjLsYu/nqAR8Dl/gIAnylb+KpRpvKbVkUYNFePhhXn0Obkkc3jasOII9ztUtg=="
    },
    "webextension-polyfill-ts": {
      "version": "0.8.9",
      "resolved": "https://registry.npmjs.org/webextension-polyfill-ts/-/webextension-polyfill-ts-0.8.9.tgz",
      "integrity": "sha512-RaNHDe+cCJb5DlJuiwekXp6GXG4tSZ3WAy0s5/B3BqwgXTHVG46x+Y4QKF8wIHdvW+lDEyzRrZyGP9TlCfmHIA==",
      "requires": {
        "webextension-polyfill": "0.3.1"
      }
    }
  }
}
